// !$*UTF8*$!
{
	archiveVersion = 1;
	classes = {
	};
	objectVersion = 46;
	objects = {

/* Begin PBXBuildFile section */
		B0EAD747199B024000D6C4C0 /* Foundation.framework in Frameworks */ = {isa = PBXBuildFile; fileRef = B0EAD746199B024000D6C4C0 /* Foundation.framework */; };
		B0EAD749199B024000D6C4C0 /* CoreGraphics.framework in Frameworks */ = {isa = PBXBuildFile; fileRef = B0EAD748199B024000D6C4C0 /* CoreGraphics.framework */; };
		B0EAD74B199B024000D6C4C0 /* UIKit.framework in Frameworks */ = {isa = PBXBuildFile; fileRef = B0EAD74A199B024000D6C4C0 /* UIKit.framework */; };
		B0EAD751199B024000D6C4C0 /* InfoPlist.strings in Resources */ = {isa = PBXBuildFile; fileRef = B0EAD74F199B024000D6C4C0 /* InfoPlist.strings */; };
		B0EAD753199B024000D6C4C0 /* main.m in Sources */ = {isa = PBXBuildFile; fileRef = B0EAD752199B024000D6C4C0 /* main.m */; };
		B0EAD757199B024000D6C4C0 /* AppDelegate.m in Sources */ = {isa = PBXBuildFile; fileRef = B0EAD756199B024000D6C4C0 /* AppDelegate.m */; };
		B0EAD75A199B024000D6C4C0 /* Main.storyboard in Resources */ = {isa = PBXBuildFile; fileRef = B0EAD758199B024000D6C4C0 /* Main.storyboard */; };
		B0EAD75D199B024000D6C4C0 /* ViewController.m in Sources */ = {isa = PBXBuildFile; fileRef = B0EAD75C199B024000D6C4C0 /* ViewController.m */; };
		B0EAD75F199B024000D6C4C0 /* Images.xcassets in Resources */ = {isa = PBXBuildFile; fileRef = B0EAD75E199B024000D6C4C0 /* Images.xcassets */; };
		B0EAD766199B024000D6C4C0 /* XCTest.framework in Frameworks */ = {isa = PBXBuildFile; fileRef = B0EAD765199B024000D6C4C0 /* XCTest.framework */; };
		B0EAD767199B024000D6C4C0 /* Foundation.framework in Frameworks */ = {isa = PBXBuildFile; fileRef = B0EAD746199B024000D6C4C0 /* Foundation.framework */; };
		B0EAD768199B024000D6C4C0 /* UIKit.framework in Frameworks */ = {isa = PBXBuildFile; fileRef = B0EAD74A199B024000D6C4C0 /* UIKit.framework */; };
		B0EAD770199B024000D6C4C0 /* InfoPlist.strings in Resources */ = {isa = PBXBuildFile; fileRef = B0EAD76E199B024000D6C4C0 /* InfoPlist.strings */; };
		B0EAD772199B024000D6C4C0 /* VoiceRecognitionTests.m in Sources */ = {isa = PBXBuildFile; fileRef = B0EAD771199B024000D6C4C0 /* VoiceRecognitionTests.m */; };
		B0EAD780199B026600D6C4C0 /* AcousticModelEnglish.bundle in Resources */ = {isa = PBXBuildFile; fileRef = B0EAD77C199B026600D6C4C0 /* AcousticModelEnglish.bundle */; };
		B0EAD781199B026600D6C4C0 /* AcousticModelEnglish.bundle in Resources */ = {isa = PBXBuildFile; fileRef = B0EAD77C199B026600D6C4C0 /* AcousticModelEnglish.bundle */; };
		B0EAD784199B026600D6C4C0 /* OpenEars.framework in Frameworks */ = {isa = PBXBuildFile; fileRef = B0EAD77E199B026600D6C4C0 /* OpenEars.framework */; };
		B0EAD785199B026600D6C4C0 /* OpenEars.framework in Frameworks */ = {isa = PBXBuildFile; fileRef = B0EAD77E199B026600D6C4C0 /* OpenEars.framework */; };
		B0EAD789199B056200D6C4C0 /* AVFoundation.framework in Frameworks */ = {isa = PBXBuildFile; fileRef = B0EAD788199B056200D6C4C0 /* AVFoundation.framework */; };
/* End PBXBuildFile section */

/* Begin PBXContainerItemProxy section */
		B0EAD769199B024000D6C4C0 /* PBXContainerItemProxy */ = {
			isa = PBXContainerItemProxy;
			containerPortal = B0EAD73B199B024000D6C4C0 /* Project object */;
			proxyType = 1;
			remoteGlobalIDString = B0EAD742199B024000D6C4C0;
			remoteInfo = VoiceRecognition;
		};
/* End PBXContainerItemProxy section */

/* Begin PBXFileReference section */
		B0EAD743199B024000D6C4C0 /* VoiceRecognition.app */ = {isa = PBXFileReference; explicitFileType = wrapper.application; includeInIndex = 0; path = VoiceRecognition.app; sourceTree = BUILT_PRODUCTS_DIR; };
		B0EAD746199B024000D6C4C0 /* Foundation.framework */ = {isa = PBXFileReference; lastKnownFileType = wrapper.framework; name = Foundation.framework; path = System/Library/Frameworks/Foundation.framework; sourceTree = SDKROOT; };
		B0EAD748199B024000D6C4C0 /* CoreGraphics.framework */ = {isa = PBXFileReference; lastKnownFileType = wrapper.framework; name = CoreGraphics.framework; path = System/Library/Frameworks/CoreGraphics.framework; sourceTree = SDKROOT; };
		B0EAD74A199B024000D6C4C0 /* UIKit.framework */ = {isa = PBXFileReference; lastKnownFileType = wrapper.framework; name = UIKit.framework; path = System/Library/Frameworks/UIKit.framework; sourceTree = SDKROOT; };
		B0EAD74E199B024000D6C4C0 /* VoiceRecognition-Info.plist */ = {isa = PBXFileReference; lastKnownFileType = text.plist.xml; path = "VoiceRecognition-Info.plist"; sourceTree = "<group>"; };
		B0EAD750199B024000D6C4C0 /* en */ = {isa = PBXFileReference; lastKnownFileType = text.plist.strings; name = en; path = en.lproj/InfoPlist.strings; sourceTree = "<group>"; };
		B0EAD752199B024000D6C4C0 /* main.m */ = {isa = PBXFileReference; lastKnownFileType = sourcecode.c.objc; path = main.m; sourceTree = "<group>"; };
		B0EAD754199B024000D6C4C0 /* VoiceRecognition-Prefix.pch */ = {isa = PBXFileReference; lastKnownFileType = sourcecode.c.h; path = "VoiceRecognition-Prefix.pch"; sourceTree = "<group>"; };
		B0EAD755199B024000D6C4C0 /* AppDelegate.h */ = {isa = PBXFileReference; lastKnownFileType = sourcecode.c.h; path = AppDelegate.h; sourceTree = "<group>"; };
		B0EAD756199B024000D6C4C0 /* AppDelegate.m */ = {isa = PBXFileReference; lastKnownFileType = sourcecode.c.objc; path = AppDelegate.m; sourceTree = "<group>"; };
		B0EAD759199B024000D6C4C0 /* Base */ = {isa = PBXFileReference; lastKnownFileType = file.storyboard; name = Base; path = Base.lproj/Main.storyboard; sourceTree = "<group>"; };
		B0EAD75B199B024000D6C4C0 /* ViewController.h */ = {isa = PBXFileReference; lastKnownFileType = sourcecode.c.h; path = ViewController.h; sourceTree = "<group>"; };
		B0EAD75C199B024000D6C4C0 /* ViewController.m */ = {isa = PBXFileReference; lastKnownFileType = sourcecode.c.objc; path = ViewController.m; sourceTree = "<group>"; };
		B0EAD75E199B024000D6C4C0 /* Images.xcassets */ = {isa = PBXFileReference; lastKnownFileType = folder.assetcatalog; path = Images.xcassets; sourceTree = "<group>"; };
		B0EAD764199B024000D6C4C0 /* VoiceRecognitionTests.xctest */ = {isa = PBXFileReference; explicitFileType = wrapper.cfbundle; includeInIndex = 0; path = VoiceRecognitionTests.xctest; sourceTree = BUILT_PRODUCTS_DIR; };
		B0EAD765199B024000D6C4C0 /* XCTest.framework */ = {isa = PBXFileReference; lastKnownFileType = wrapper.framework; name = XCTest.framework; path = Library/Frameworks/XCTest.framework; sourceTree = DEVELOPER_DIR; };
		B0EAD76D199B024000D6C4C0 /* VoiceRecognitionTests-Info.plist */ = {isa = PBXFileReference; lastKnownFileType = text.plist.xml; path = "VoiceRecognitionTests-Info.plist"; sourceTree = "<group>"; };
		B0EAD76F199B024000D6C4C0 /* en */ = {isa = PBXFileReference; lastKnownFileType = text.plist.strings; name = en; path = en.lproj/InfoPlist.strings; sourceTree = "<group>"; };
		B0EAD771199B024000D6C4C0 /* VoiceRecognitionTests.m */ = {isa = PBXFileReference; lastKnownFileType = sourcecode.c.objc; path = VoiceRecognitionTests.m; sourceTree = "<group>"; };
		B0EAD77C199B026600D6C4C0 /* AcousticModelEnglish.bundle */ = {isa = PBXFileReference; lastKnownFileType = "wrapper.plug-in"; path = AcousticModelEnglish.bundle; sourceTree = "<group>"; };
		B0EAD77E199B026600D6C4C0 /* OpenEars.framework */ = {isa = PBXFileReference; lastKnownFileType = wrapper.framework; path = OpenEars.framework; sourceTree = "<group>"; };
		B0EAD788199B056200D6C4C0 /* AVFoundation.framework */ = {isa = PBXFileReference; lastKnownFileType = wrapper.framework; name = AVFoundation.framework; path = System/Library/Frameworks/AVFoundation.framework; sourceTree = SDKROOT; };
/* End PBXFileReference section */

/* Begin PBXFrameworksBuildPhase section */
		B0EAD740199B024000D6C4C0 /* Frameworks */ = {
			isa = PBXFrameworksBuildPhase;
			buildActionMask = 2147483647;
			files = (
				B0EAD789199B056200D6C4C0 /* AVFoundation.framework in Frameworks */,
				B0EAD749199B024000D6C4C0 /* CoreGraphics.framework in Frameworks */,
				B0EAD74B199B024000D6C4C0 /* UIKit.framework in Frameworks */,
				B0EAD747199B024000D6C4C0 /* Foundation.framework in Frameworks */,
				B0EAD784199B026600D6C4C0 /* OpenEars.framework in Frameworks */,
			);
			runOnlyForDeploymentPostprocessing = 0;
		};
		B0EAD761199B024000D6C4C0 /* Frameworks */ = {
			isa = PBXFrameworksBuildPhase;
			buildActionMask = 2147483647;
			files = (
				B0EAD766199B024000D6C4C0 /* XCTest.framework in Frameworks */,
				B0EAD768199B024000D6C4C0 /* UIKit.framework in Frameworks */,
				B0EAD767199B024000D6C4C0 /* Foundation.framework in Frameworks */,
				B0EAD785199B026600D6C4C0 /* OpenEars.framework in Frameworks */,
			);
			runOnlyForDeploymentPostprocessing = 0;
		};
/* End PBXFrameworksBuildPhase section */

/* Begin PBXGroup section */
		B0EAD73A199B024000D6C4C0 = {
			isa = PBXGroup;
			children = (
				B0EAD74C199B024000D6C4C0 /* VoiceRecognition */,
				B0EAD76B199B024000D6C4C0 /* VoiceRecognitionTests */,
				B0EAD745199B024000D6C4C0 /* Frameworks */,
				B0EAD744199B024000D6C4C0 /* Products */,
			);
			sourceTree = "<group>";
		};
		B0EAD744199B024000D6C4C0 /* Products */ = {
			isa = PBXGroup;
			children = (
				B0EAD743199B024000D6C4C0 /* VoiceRecognition.app */,
				B0EAD764199B024000D6C4C0 /* VoiceRecognitionTests.xctest */,
			);
			name = Products;
			sourceTree = "<group>";
		};
		B0EAD745199B024000D6C4C0 /* Frameworks */ = {
			isa = PBXGroup;
			children = (
				B0EAD788199B056200D6C4C0 /* AVFoundation.framework */,
				B0EAD746199B024000D6C4C0 /* Foundation.framework */,
				B0EAD748199B024000D6C4C0 /* CoreGraphics.framework */,
				B0EAD74A199B024000D6C4C0 /* UIKit.framework */,
				B0EAD765199B024000D6C4C0 /* XCTest.framework */,
			);
			name = Frameworks;
			sourceTree = "<group>";
		};
		B0EAD74C199B024000D6C4C0 /* VoiceRecognition */ = {
			isa = PBXGroup;
			children = (
				B0EAD77B199B026600D6C4C0 /* Framework */,
				B0EAD755199B024000D6C4C0 /* AppDelegate.h */,
				B0EAD756199B024000D6C4C0 /* AppDelegate.m */,
				B0EAD758199B024000D6C4C0 /* Main.storyboard */,
				B0EAD75B199B024000D6C4C0 /* ViewController.h */,
				B0EAD75C199B024000D6C4C0 /* ViewController.m */,
				B0EAD75E199B024000D6C4C0 /* Images.xcassets */,
				B0EAD74D199B024000D6C4C0 /* Supporting Files */,
			);
			path = VoiceRecognition;
			sourceTree = "<group>";
		};
		B0EAD74D199B024000D6C4C0 /* Supporting Files */ = {
			isa = PBXGroup;
			children = (
				B0EAD74E199B024000D6C4C0 /* VoiceRecognition-Info.plist */,
				B0EAD74F199B024000D6C4C0 /* InfoPlist.strings */,
				B0EAD752199B024000D6C4C0 /* main.m */,
				B0EAD754199B024000D6C4C0 /* VoiceRecognition-Prefix.pch */,
			);
			name = "Supporting Files";
			sourceTree = "<group>";
		};
		B0EAD76B199B024000D6C4C0 /* VoiceRecognitionTests */ = {
			isa = PBXGroup;
			children = (
				B0EAD771199B024000D6C4C0 /* VoiceRecognitionTests.m */,
				B0EAD76C199B024000D6C4C0 /* Supporting Files */,
			);
			path = VoiceRecognitionTests;
			sourceTree = "<group>";
		};
		B0EAD76C199B024000D6C4C0 /* Supporting Files */ = {
			isa = PBXGroup;
			children = (
				B0EAD76D199B024000D6C4C0 /* VoiceRecognitionTests-Info.plist */,
				B0EAD76E199B024000D6C4C0 /* InfoPlist.strings */,
			);
			name = "Supporting Files";
			sourceTree = "<group>";
		};
		B0EAD77B199B026600D6C4C0 /* Framework */ = {
			isa = PBXGroup;
			children = (
				B0EAD77C199B026600D6C4C0 /* AcousticModelEnglish.bundle */,
				B0EAD77E199B026600D6C4C0 /* OpenEars.framework */,
			);
			path = Framework;
			sourceTree = "<group>";
		};
/* End PBXGroup section */

/* Begin PBXNativeTarget section */
		B0EAD742199B024000D6C4C0 /* VoiceRecognition */ = {
			isa = PBXNativeTarget;
			buildConfigurationList = B0EAD775199B024000D6C4C0 /* Build configuration list for PBXNativeTarget "VoiceRecognition" */;
			buildPhases = (
				B0EAD73F199B024000D6C4C0 /* Sources */,
				B0EAD740199B024000D6C4C0 /* Frameworks */,
				B0EAD741199B024000D6C4C0 /* Resources */,
			);
			buildRules = (
			);
			dependencies = (
			);
			name = VoiceRecognition;
			productName = VoiceRecognition;
			productReference = B0EAD743199B024000D6C4C0 /* VoiceRecognition.app */;
			productType = "com.apple.product-type.application";
		};
		B0EAD763199B024000D6C4C0 /* VoiceRecognitionTests */ = {
			isa = PBXNativeTarget;
			buildConfigurationList = B0EAD778199B024000D6C4C0 /* Build configuration list for PBXNativeTarget "VoiceRecognitionTests" */;
			buildPhases = (
				B0EAD760199B024000D6C4C0 /* Sources */,
				B0EAD761199B024000D6C4C0 /* Frameworks */,
				B0EAD762199B024000D6C4C0 /* Resources */,
			);
			buildRules = (
			);
			dependencies = (
				B0EAD76A199B024000D6C4C0 /* PBXTargetDependency */,
			);
			name = VoiceRecognitionTests;
			productName = VoiceRecognitionTests;
			productReference = B0EAD764199B024000D6C4C0 /* VoiceRecognitionTests.xctest */;
			productType = "com.apple.product-type.bundle.unit-test";
		};
/* End PBXNativeTarget section */

/* Begin PBXProject section */
		B0EAD73B199B024000D6C4C0 /* Project object */ = {
			isa = PBXProject;
			attributes = {
				LastUpgradeCheck = 0510;
				ORGANIZATIONNAME = tichise;
				TargetAttributes = {
					B0EAD763199B024000D6C4C0 = {
						TestTargetID = B0EAD742199B024000D6C4C0;
					};
				};
			};
			buildConfigurationList = B0EAD73E199B024000D6C4C0 /* Build configuration list for PBXProject "VoiceRecognition" */;
			compatibilityVersion = "Xcode 3.2";
			developmentRegion = English;
			hasScannedForEncodings = 0;
			knownRegions = (
				en,
				Base,
			);
			mainGroup = B0EAD73A199B024000D6C4C0;
			productRefGroup = B0EAD744199B024000D6C4C0 /* Products */;
			projectDirPath = "";
			projectRoot = "";
			targets = (
				B0EAD742199B024000D6C4C0 /* VoiceRecognition */,
				B0EAD763199B024000D6C4C0 /* VoiceRecognitionTests */,
			);
		};
/* End PBXProject section */

/* Begin PBXResourcesBuildPhase section */
		B0EAD741199B024000D6C4C0 /* Resources */ = {
			isa = PBXResourcesBuildPhase;
			buildActionMask = 2147483647;
			files = (
				B0EAD75F199B024000D6C4C0 /* Images.xcassets in Resources */,
				B0EAD780199B026600D6C4C0 /* AcousticModelEnglish.bundle in Resources */,
				B0EAD751199B024000D6C4C0 /* InfoPlist.strings in Resources */,
				B0EAD75A199B024000D6C4C0 /* Main.storyboard in Resources */,
			);
			runOnlyForDeploymentPostprocessing = 0;
		};
		B0EAD762199B024000D6C4C0 /* Resources */ = {
			isa = PBXResourcesBuildPhase;
			buildActionMask = 2147483647;
			files = (
				B0EAD770199B024000D6C4C0 /* InfoPlist.strings in Resources */,
				B0EAD781199B026600D6C4C0 /* AcousticModelEnglish.bundle in Resources */,
			);
			runOnlyForDeploymentPostprocessing = 0;
		};
/* End PBXResourcesBuildPhase section */

/* Begin PBXSourcesBuildPhase section */
		B0EAD73F199B024000D6C4C0 /* Sources */ = {
			isa = PBXSourcesBuildPhase;
			buildActionMask = 2147483647;
			files = (
				B0EAD75D199B024000D6C4C0 /* ViewController.m in Sources */,
				B0EAD757199B024000D6C4C0 /* AppDelegate.m in Sources */,
				B0EAD753199B024000D6C4C0 /* main.m in Sources */,
			);
			runOnlyForDeploymentPostprocessing = 0;
		};
		B0EAD760199B024000D6C4C0 /* Sources */ = {
			isa = PBXSourcesBuildPhase;
			buildActionMask = 2147483647;
			files = (
				B0EAD772199B024000D6C4C0 /* VoiceRecognitionTests.m in Sources */,
			);
			runOnlyForDeploymentPostprocessing = 0;
		};
/* End PBXSourcesBuildPhase section */

/* Begin PBXTargetDependency section */
		B0EAD76A199B024000D6C4C0 /* PBXTargetDependency */ = {
			isa = PBXTargetDependency;
			target = B0EAD742199B024000D6C4C0 /* VoiceRecognition */;
			targetProxy = B0EAD769199B024000D6C4C0 /* PBXContainerItemProxy */;
		};
/* End PBXTargetDependency section */

/* Begin PBXVariantGroup section */
		B0EAD74F199B024000D6C4C0 /* InfoPlist.strings */ = {
			isa = PBXVariantGroup;
			children = (
				B0EAD750199B024000D6C4C0 /* en */,
			);
			name = InfoPlist.strings;
			sourceTree = "<group>";
		};
		B0EAD758199B024000D6C4C0 /* Main.storyboard */ = {
			isa = PBXVariantGroup;
			children = (
				B0EAD759199B024000D6C4C0 /* Base */,
			);
			name = Main.storyboard;
			sourceTree = "<group>";
		};
		B0EAD76E199B024000D6C4C0 /* InfoPlist.strings */ = {
			isa = PBXVariantGroup;
			children = (
				B0EAD76F199B024000D6C4C0 /* en */,
			);
			name = InfoPlist.strings;
			sourceTree = "<group>";
		};
/* End PBXVariantGroup section */

/* Begin XCBuildConfiguration section */
		B0EAD773199B024000D6C4C0 /* Debug */ = {
			isa = XCBuildConfiguration;
			buildSettings = {
				ALWAYS_SEARCH_USER_PATHS = NO;
				CLANG_CXX_LANGUAGE_STANDARD = "gnu++0x";
				CLANG_CXX_LIBRARY = "libc++";
				CLANG_ENABLE_MODULES = YES;
				CLANG_ENABLE_OBJC_ARC = YES;
				CLANG_WARN_BOOL_CONVERSION = YES;
				CLANG_WARN_CONSTANT_CONVERSION = YES;
				CLANG_WARN_DIRECT_OBJC_ISA_USAGE = YES_ERROR;
				CLANG_WARN_EMPTY_BODY = YES;
				CLANG_WARN_ENUM_CONVERSION = YES;
				CLANG_WARN_INT_CONVERSION = YES;
				CLANG_WARN_OBJC_ROOT_CLASS = YES_ERROR;
				CLANG_WARN__DUPLICATE_METHOD_MATCH = YES;
				"CODE_SIGN_IDENTITY[sdk=iphoneos*]" = "iPhone Developer";
				COPY_PHASE_STRIP = NO;
				GCC_C_LANGUAGE_STANDARD = gnu99;
				GCC_DYNAMIC_NO_PIC = NO;
				GCC_OPTIMIZATION_LEVEL = 0;
				GCC_PREPROCESSOR_DEFINITIONS = (
					"DEBUG=1",
					"$(inherited)",
				);
				GCC_SYMBOLS_PRIVATE_EXTERN = NO;
				GCC_WARN_64_TO_32_BIT_CONVERSION = YES;
				GCC_WARN_ABOUT_RETURN_TYPE = YES_ERROR;
				GCC_WARN_UNDECLARED_SELECTOR = YES;
				GCC_WARN_UNINITIALIZED_AUTOS = YES_AGGRESSIVE;
				GCC_WARN_UNUSED_FUNCTION = YES;
				GCC_WARN_UNUSED_VARIABLE = YES;
				IPHONEOS_DEPLOYMENT_TARGET = 7.1;
				ONLY_ACTIVE_ARCH = YES;
				SDKROOT = iphoneos;
			};
			name = Debug;
		};
		B0EAD774199B024000D6C4C0 /* Release */ = {
			isa = XCBuildConfiguration;
			buildSettings = {
				ALWAYS_SEARCH_USER_PATHS = NO;
				CLANG_CXX_LANGUAGE_STANDARD = "gnu++0x";
				CLANG_CXX_LIBRARY = "libc++";
				CLANG_ENABLE_MODULES = YES;
				CLANG_ENABLE_OBJC_ARC = YES;
				CLANG_WARN_BOOL_CONVERSION = YES;
				CLANG_WARN_CONSTANT_CONVERSION = YES;
				CLANG_WARN_DIRECT_OBJC_ISA_USAGE = YES_ERROR;
				CLANG_WARN_EMPTY_BODY = YES;
				CLANG_WARN_ENUM_CONVERSION = YES;
				CLANG_WARN_INT_CONVERSION = YES;
				CLANG_WARN_OBJC_ROOT_CLASS = YES_ERROR;
				CLANG_WARN__DUPLICATE_METHOD_MATCH = YES;
				"CODE_SIGN_IDENTITY[sdk=iphoneos*]" = "iPhone Developer";
				COPY_PHASE_STRIP = YES;
				ENABLE_NS_ASSERTIONS = NO;
				GCC_C_LANGUAGE_STANDARD = gnu99;
				GCC_WARN_64_TO_32_BIT_CONVERSION = YES;
				GCC_WARN_ABOUT_RETURN_TYPE = YES_ERROR;
				GCC_WARN_UNDECLARED_SELECTOR = YES;
				GCC_WARN_UNINITIALIZED_AUTOS = YES_AGGRESSIVE;
				GCC_WARN_UNUSED_FUNCTION = YES;
				GCC_WARN_UNUSED_VARIABLE = YES;
				IPHONEOS_DEPLOYMENT_TARGET = 7.1;
				SDKROOT = iphoneos;
				VALIDATE_PRODUCT = YES;
			};
			name = Release;
		};
		B0EAD776199B024000D6C4C0 /* Debug */ = {
			isa = XCBuildConfiguration;
			buildSettings = {
				ASSETCATALOG_COMPILER_APPICON_NAME = AppIcon;
				ASSETCATALOG_COMPILER_LAUNCHIMAGE_NAME = LaunchImage;
				FRAMEWORK_SEARCH_PATHS = (
					"$(inherited)",
					"$(PROJECT_DIR)/VoiceRecognition/Framework",
				);
				GCC_PRECOMPILE_PREFIX_HEADER = YES;
				GCC_PREFIX_HEADER = "VoiceRecognition/VoiceRecognition-Prefix.pch";
				INFOPLIST_FILE = "VoiceRecognition/VoiceRecognition-Info.plist";
				PRODUCT_NAME = "$(TARGET_NAME)";
				WRAPPER_EXTENSION = app;
			};
			name = Debug;
		};
		B0EAD777199B024000D6C4C0 /* Release */ = {
			isa = XCBuildConfiguration;
			buildSettings = {
				ASSETCATALOG_COMPILER_APPICON_NAME = AppIcon;
				ASSETCATALOG_COMPILER_LAUNCHIMAGE_NAME = LaunchImage;
				FRAMEWORK_SEARCH_PATHS = (
					"$(inherited)",
					"$(PROJECT_DIR)/VoiceRecognition/Framework",
				);
				GCC_PRECOMPILE_PREFIX_HEADER = YES;
				GCC_PREFIX_HEADER = "VoiceRecognition/VoiceRecognition-Prefix.pch";
				INFOPLIST_FILE = "VoiceRecognition/VoiceRecognition-Info.plist";
				PRODUCT_NAME = "$(TARGET_NAME)";
				WRAPPER_EXTENSION = app;
			};
			name = Release;
		};
		B0EAD779199B024000D6C4C0 /* Debug */ = {
			isa = XCBuildConfiguration;
			buildSettings = {
				BUNDLE_LOADER = "$(BUILT_PRODUCTS_DIR)/VoiceRecognition.app/VoiceRecognition";
				FRAMEWORK_SEARCH_PATHS = (
					"$(SDKROOT)/Developer/Library/Frameworks",
					"$(inherited)",
					"$(DEVELOPER_FRAMEWORKS_DIR)",
					"$(PROJECT_DIR)/VoiceRecognition/Framework",
				);
				GCC_PRECOMPILE_PREFIX_HEADER = YES;
				GCC_PREFIX_HEADER = "VoiceRecognition/VoiceRecognition-Prefix.pch";
				GCC_PREPROCESSOR_DEFINITIONS = (
					"DEBUG=1",
					"$(inherited)",
				);
				INFOPLIST_FILE = "VoiceRecognitionTests/VoiceRecognitionTests-Info.plist";
				PRODUCT_NAME = "$(TARGET_NAME)";
				TEST_HOST = "$(BUNDLE_LOADER)";
				WRAPPER_EXTENSION = xctest;
			};
			name = Debug;
		};
		B0EAD77A199B024000D6C4C0 /* Release */ = {
			isa = XCBuildConfiguration;
			buildSettings = {
				BUNDLE_LOADER = "$(BUILT_PRODUCTS_DIR)/VoiceRecognition.app/VoiceRecognition";
				FRAMEWORK_SEARCH_PATHS = (
					"$(SDKROOT)/Developer/Library/Frameworks",
					"$(inherited)",
					"$(DEVELOPER_FRAMEWORKS_DIR)",
					"$(PROJECT_DIR)/VoiceRecognition/Framework",
				);
				GCC_PRECOMPILE_PREFIX_HEADER = YES;
				GCC_PREFIX_HEADER = "VoiceRecognition/VoiceRecognition-Prefix.pch";
				INFOPLIST_FILE = "VoiceRecognitionTests/VoiceRecognitionTests-Info.plist";
				PRODUCT_NAME = "$(TARGET_NAME)";
				TEST_HOST = "$(BUNDLE_LOADER)";
				WRAPPER_EXTENSION = xctest;
			};
			name = Release;
		};
/* End XCBuildConfiguration section */

/* Begin XCConfigurationList section */
		B0EAD73E199B024000D6C4C0 /* Build configuration list for PBXProject "VoiceRecognition" */ = {
			isa = XCConfigurationList;
			buildConfigurations = (
				B0EAD773199B024000D6C4C0 /* Debug */,
				B0EAD774199B024000D6C4C0 /* Release */,
			);
			defaultConfigurationIsVisible = 0;
			defaultConfigurationName = Release;
		};
		B0EAD775199B024000D6C4C0 /* Build configuration list for PBXNativeTarget "VoiceRecognition" */ = {
			isa = XCConfigurationList;
			buildConfigurations = (
				B0EAD776199B024000D6C4C0 /* Debug */,
				B0EAD777199B024000D6C4C0 /* Release */,
			);
			defaultConfigurationIsVisible = 0;
		};
		B0EAD778199B024000D6C4C0 /* Build configuration list for PBXNativeTarget "VoiceRecognitionTests" */ = {
			isa = XCConfigurationList;
			buildConfigurations = (
				B0EAD779199B024000D6C4C0 /* Debug */,
				B0EAD77A199B024000D6C4C0 /* Release */,
			);
			defaultConfigurationIsVisible = 0;
		};
/* End XCConfigurationList section */
	};
	rootObject = B0EAD73B199B024000D6C4C0 /* Project object */;
}
